
Microsoft Visual Studio Solution File, Format Version 12.00
# Visual Studio Version 17
VisualStudioVersion = 17.7.34018.315
MinimumVisualStudioVersion = 10.0.40219.1
Project("{FAE04EC0-301F-11D3-BF4B-00C04F79EFBC}") = "frostshoxx-terminal", "frostshoxx-terminal\frostshoxx-terminal.csproj", "{2645D9D8-73F9-4F5D-8FCC-2CD8DA2C18EE}"
EndProject
Global
	GlobalSection(SolutionConfigurationPlatforms) = preSolution
		Debug|Any CPU = Debug|Any CPU
		Release|Any CPU = Release|Any CPU
	EndGlobalSection
	GlobalSection(ProjectConfigurationPlatforms) = postSolution
		{2645D9D8-73F9-4F5D-8FCC-2CD8DA2C18EE}.Debug|Any CPU.ActiveCfg = Debug|Any CPU
		{2645D9D8-73F9-4F5D-8FCC-2CD8DA2C18EE}.Debug|Any CPU.Build.0 = Debug|Any CPU
		{2645D9D8-73F9-4F5D-8FCC-2CD8DA2C18EE}.Release|Any CPU.ActiveCfg = Release|Any CPU
		{2645D9D8-73F9-4F5D-8FCC-2CD8DA2C18EE}.Release|Any CPU.Build.0 = Release|Any CPU
	EndGlobalSection
	GlobalSection(SolutionProperties) = preSolution
		HideSolutionNode = FALSE
	EndGlobalSection
	GlobalSection(ExtensibilityGlobals) = postSolution
		SolutionGuid = {80CE16FC-6E93-438B-BF36-24B141E9AF58}
	EndGlobalSection
EndGlobal
